// !$*UTF8*$!
{
	archiveVersion = 1;
	classes = {
	};
	objectVersion = 77;
	objects = {

/* Begin PBXContainerItemProxy section */
		1F4C50EF2DEA5E52006E50EF /* PBXContainerItemProxy */ = {
			isa = PBXContainerItemProxy;
			containerPortal = 1F4C50D82DEA5E50006E50EF /* Project object */;
			proxyType = 1;
			remoteGlobalIDString = 1F4C50DF2DEA5E50006E50EF;
			remoteInfo = NothingX;
		};
		1F4C50F92DEA5E52006E50EF /* PBXContainerItemProxy */ = {
			isa = PBXContainerItemProxy;
			containerPortal = 1F4C50D82DEA5E50006E50EF /* Project object */;
			proxyType = 1;
			remoteGlobalIDString = 1F4C50DF2DEA5E50006E50EF;
			remoteInfo = NothingX;
		};
/* End PBXContainerItemProxy section */

/* Begin PBXFileReference section */
		1F4C50E02DEA5E50006E50EF /* NothingX.app */ = {isa = PBXFileReference; explicitFileType = wrapper.application; includeInIndex = 0; path = NothingX.app; sourceTree = BUILT_PRODUCTS_DIR; };
		1F4C50EE2DEA5E52006E50EF /* NothingXTests.xctest */ = {isa = PBXFileReference; explicitFileType = wrapper.cfbundle; includeInIndex = 0; path = NothingXTests.xctest; sourceTree = BUILT_PRODUCTS_DIR; };
		1F4C50F82DEA5E52006E50EF /* NothingXUITests.xctest */ = {isa = PBXFileReference; explicitFileType = wrapper.cfbundle; includeInIndex = 0; path = NothingXUITests.xctest; sourceTree = BUILT_PRODUCTS_DIR; };
/* End PBXFileReference section */

/* Begin PBXFileSystemSynchronizedRootGroup section */
		1F4C50E22DEA5E50006E50EF /* NothingX */ = {
			isa = PBXFileSystemSynchronizedRootGroup;
			path = NothingX;
			sourceTree = "<group>";
		};
		1F4C50F12DEA5E52006E50EF /* NothingXTests */ = {
			isa = PBXFileSystemSynchronizedRootGroup;
			path = NothingXTests;
			sourceTree = "<group>";
		};
		1F4C50FB2DEA5E52006E50EF /* NothingXUITests */ = {
			isa = PBXFileSystemSynchronizedRootGroup;
			path = NothingXUITests;
			sourceTree = "<group>";
		};
/* End PBXFileSystemSynchronizedRootGroup section */

/* Begin PBXFrameworksBuildPhase section */
		1F4C50DD2DEA5E50006E50EF /* Frameworks */ = {
			isa = PBXFrameworksBuildPhase;
			buildActionMask = 2147483647;
			files = (
			);
			runOnlyForDeploymentPostprocessing = 0;
		};
		1F4C50EB2DEA5E52006E50EF /* Frameworks */ = {
			isa = PBXFrameworksBuildPhase;
			buildActionMask = 2147483647;
			files = (
			);
			runOnlyForDeploymentPostprocessing = 0;
		};
		1F4C50F52DEA5E52006E50EF /* Frameworks */ = {
			isa = PBXFrameworksBuildPhase;
			buildActionMask = 2147483647;
			files = (
			);
			runOnlyForDeploymentPostprocessing = 0;
		};
/* End PBXFrameworksBuildPhase section */

/* Begin PBXGroup section */
		1F4C50D72DEA5E50006E50EF = {
			isa = PBXGroup;
			children = (
				1F4C50E22DEA5E50006E50EF /* NothingX */,
				1F4C50F12DEA5E52006E50EF /* NothingXTests */,
				1F4C50FB2DEA5E52006E50EF /* NothingXUITests */,
				1F4C50E12DEA5E50006E50EF /* Products */,
			);
			sourceTree = "<group>";
		};
		1F4C50E12DEA5E50006E50EF /* Products */ = {
			isa = PBXGroup;
			children = (
				1F4C50E02DEA5E50006E50EF /* NothingX.app */,
				1F4C50EE2DEA5E52006E50EF /* NothingXTests.xctest */,
				1F4C50F82DEA5E52006E50EF /* NothingXUITests.xctest */,
			);
			name = Products;
			sourceTree = "<group>";
		};
/* End PBXGroup section */

/* Begin PBXNativeTarget section */
		1F4C50DF2DEA5E50006E50EF /* NothingX */ = {
			isa = PBXNativeTarget;
			buildConfigurationList = 1F4C51022DEA5E52006E50EF /* Build configuration list for PBXNativeTarget "NothingX" */;
			buildPhases = (
				1F4C50DC2DEA5E50006E50EF /* Sources */,
				1F4C50DD2DEA5E50006E50EF /* Frameworks */,
				1F4C50DE2DEA5E50006E50EF /* Resources */,
			);
			buildRules = (
			);
			dependencies = (
			);
			fileSystemSynchronizedGroups = (
				1F4C50E22DEA5E50006E50EF /* NothingX */,
			);
			name = NothingX;
			productName = NothingX;
			productReference = 1F4C50E02DEA5E50006E50EF /* NothingX.app */;
			productType = "com.apple.product-type.application";
		};
		1F4C50ED2DEA5E52006E50EF /* NothingXTests */ = {
			isa = PBXNativeTarget;
			buildConfigurationList = 1F4C51052DEA5E52006E50EF /* Build configuration list for PBXNativeTarget "NothingXTests" */;
			buildPhases = (
				1F4C50EA2DEA5E52006E50EF /* Sources */,
				1F4C50EB2DEA5E52006E50EF /* Frameworks */,
				1F4C50EC2DEA5E52006E50EF /* Resources */,
			);
			buildRules = (
			);
			dependencies = (
				1F4C50F02DEA5E52006E50EF /* PBXTargetDependency */,
			);
			fileSystemSynchronizedGroups = (
				1F4C50F12DEA5E52006E50EF /* NothingXTests */,
			);
			name = NothingXTests;
			productName = NothingXTests;
			productReference = 1F4C50EE2DEA5E52006E50EF /* NothingXTests.xctest */;
			productType = "com.apple.product-type.bundle.unit-test";
		};
		1F4C50F72DEA5E52006E50EF /* NothingXUITests */ = {
			isa = PBXNativeTarget;
			buildConfigurationList = 1F4C51082DEA5E52006E50EF /* Build configuration list for PBXNativeTarget "NothingXUITests" */;
			buildPhases = (
				1F4C50F42DEA5E52006E50EF /* Sources */,
				1F4C50F52DEA5E52006E50EF /* Frameworks */,
				1F4C50F62DEA5E52006E50EF /* Resources */,
			);
			buildRules = (
			);
			dependencies = (
				1F4C50FA2DEA5E52006E50EF /* PBXTargetDependency */,
			);
			fileSystemSynchronizedGroups = (
				1F4C50FB2DEA5E52006E50EF /* NothingXUITests */,
			);
			name = NothingXUITests;
			productName = NothingXUITests;
			productReference = 1F4C50F82DEA5E52006E50EF /* NothingXUITests.xctest */;
			productType = "com.apple.product-type.bundle.ui-testing";
		};
/* End PBXNativeTarget section */

/* Begin PBXProject section */
		1F4C50D82DEA5E50006E50EF /* Project object */ = {
			isa = PBXProject;
			attributes = {
				BuildIndependentTargetsInParallel = 1;
				LastSwiftUpdateCheck = 1630;
				LastUpgradeCheck = 1630;
				TargetAttributes = {
					1F4C50DF2DEA5E50006E50EF = {
						CreatedOnToolsVersion = 16.3;
					};
					1F4C50ED2DEA5E52006E50EF = {
						CreatedOnToolsVersion = 16.3;
						TestTargetID = 1F4C50DF2DEA5E50006E50EF;
					};
					1F4C50F72DEA5E52006E50EF = {
						CreatedOnToolsVersion = 16.3;
						TestTargetID = 1F4C50DF2DEA5E50006E50EF;
					};
				};
			};
			buildConfigurationList = 1F4C50DB2DEA5E50006E50EF /* Build configuration list for PBXProject "NothingX" */;
			developmentRegion = en;
			hasScannedForEncodings = 0;
			knownRegions = (
				en,
				Base,
			);
			mainGroup = 1F4C50D72DEA5E50006E50EF;
			minimizedProjectReferenceProxies = 1;
			preferredProjectObjectVersion = 77;
			productRefGroup = 1F4C50E12DEA5E50006E50EF /* Products */;
			projectDirPath = "";
			projectRoot = "";
			targets = (
				1F4C50DF2DEA5E50006E50EF /* NothingX */,
				1F4C50ED2DEA5E52006E50EF /* NothingXTests */,
				1F4C50F72DEA5E52006E50EF /* NothingXUITests */,
			);
		};
/* End PBXProject section */

/* Begin PBXResourcesBuildPhase section */
		1F4C50DE2DEA5E50006E50EF /* Resources */ = {
			isa = PBXResourcesBuildPhase;
			buildActionMask = 2147483647;
			files = (
			);
			runOnlyForDeploymentPostprocessing = 0;
		};
		1F4C50EC2DEA5E52006E50EF /* Resources */ = {
			isa = PBXResourcesBuildPhase;
			buildActionMask = 2147483647;
			files = (
			);
			runOnlyForDeploymentPostprocessing = 0;
		};
		1F4C50F62DEA5E52006E50EF /* Resources */ = {
			isa = PBXResourcesBuildPhase;
			buildActionMask = 2147483647;
			files = (
			);
			runOnlyForDeploymentPostprocessing = 0;
		};
/* End PBXResourcesBuildPhase section */

/* Begin PBXSourcesBuildPhase section */
		1F4C50DC2DEA5E50006E50EF /* Sources */ = {
			isa = PBXSourcesBuildPhase;
			buildActionMask = 2147483647;
			files = (
			);
			runOnlyForDeploymentPostprocessing = 0;
		};
		1F4C50EA2DEA5E52006E50EF /* Sources */ = {
			isa = PBXSourcesBuildPhase;
			buildActionMask = 2147483647;
			files = (
			);
			runOnlyForDeploymentPostprocessing = 0;
		};
		1F4C50F42DEA5E52006E50EF /* Sources */ = {
			isa = PBXSourcesBuildPhase;
			buildActionMask = 2147483647;
			files = (
			);
			runOnlyForDeploymentPostprocessing = 0;
		};
/* End PBXSourcesBuildPhase section */

/* Begin PBXTargetDependency section */
		1F4C50F02DEA5E52006E50EF /* PBXTargetDependency */ = {
			isa = PBXTargetDependency;
			target = 1F4C50DF2DEA5E50006E50EF /* NothingX */;
			targetProxy = 1F4C50EF2DEA5E52006E50EF /* PBXContainerItemProxy */;
		};
		1F4C50FA2DEA5E52006E50EF /* PBXTargetDependency */ = {
			isa = PBXTargetDependency;
			target = 1F4C50DF2DEA5E50006E50EF /* NothingX */;
			targetProxy = 1F4C50F92DEA5E52006E50EF /* PBXContainerItemProxy */;
		};
/* End PBXTargetDependency section */

/* Begin XCBuildConfiguration section */
		1F4C51002DEA5E52006E50EF /* Debug */ = {
			isa = XCBuildConfiguration;
			buildSettings = {
				ALWAYS_SEARCH_USER_PATHS = NO;
				ASSETCATALOG_COMPILER_GENERATE_SWIFT_ASSET_SYMBOL_EXTENSIONS = YES;
				CLANG_ANALYZER_NONNULL = YES;
				CLANG_ANALYZER_NUMBER_OBJECT_CONVERSION = YES_AGGRESSIVE;
				CLANG_CXX_LANGUAGE_STANDARD = "gnu++20";
				CLANG_ENABLE_MODULES = YES;
				CLANG_ENABLE_OBJC_ARC = YES;
				CLANG_ENABLE_OBJC_WEAK = YES;
				CLANG_WARN_BLOCK_CAPTURE_AUTORELEASING = YES;
				CLANG_WARN_BOOL_CONVERSION = YES;
				CLANG_WARN_COMMA = YES;
				CLANG_WARN_CONSTANT_CONVERSION = YES;
				CLANG_WARN_DEPRECATED_OBJC_IMPLEMENTATIONS = YES;
				CLANG_WARN_DIRECT_OBJC_ISA_USAGE = YES_ERROR;
				CLANG_WARN_DOCUMENTATION_COMMENTS = YES;
				CLANG_WARN_EMPTY_BODY = YES;
				CLANG_WARN_ENUM_CONVERSION = YES;
				CLANG_WARN_INFINITE_RECURSION = YES;
				CLANG_WARN_INT_CONVERSION = YES;
				CLANG_WARN_NON_LITERAL_NULL_CONVERSION = YES;
				CLANG_WARN_OBJC_IMPLICIT_RETAIN_SELF = YES;
				CLANG_WARN_OBJC_LITERAL_CONVERSION = YES;
				CLANG_WARN_OBJC_ROOT_CLASS = YES_ERROR;
				CLANG_WARN_QUOTED_INCLUDE_IN_FRAMEWORK_HEADER = YES;
				CLANG_WARN_RANGE_LOOP_ANALYSIS = YES;
				CLANG_WARN_STRICT_PROTOTYPES = YES;
				CLANG_WARN_SUSPICIOUS_MOVE = YES;
				CLANG_WARN_UNGUARDED_AVAILABILITY = YES_AGGRESSIVE;
				CLANG_WARN_UNREACHABLE_CODE = YES;
				CLANG_WARN__DUPLICATE_METHOD_MATCH = YES;
				COPY_PHASE_STRIP = NO;
				DEBUG_INFORMATION_FORMAT = dwarf;
				DEVELOPMENT_TEAM = LJG2AQD4SH;
				ENABLE_STRICT_OBJC_MSGSEND = YES;
				ENABLE_TESTABILITY = YES;
				ENABLE_USER_SCRIPT_SANDBOXING = YES;
				GCC_C_LANGUAGE_STANDARD = gnu17;
				GCC_DYNAMIC_NO_PIC = NO;
				GCC_NO_COMMON_BLOCKS = YES;
				GCC_OPTIMIZATION_LEVEL = 0;
				GCC_PREPROCESSOR_DEFINITIONS = (
					"DEBUG=1",
					"$(inherited)",
				);
				GCC_WARN_64_TO_32_BIT_CONVERSION = YES;
				GCC_WARN_ABOUT_RETURN_TYPE = YES_ERROR;
				GCC_WARN_UNDECLARED_SELECTOR = YES;
				GCC_WARN_UNINITIALIZED_AUTOS = YES_AGGRESSIVE;
				GCC_WARN_UNUSED_FUNCTION = YES;
				GCC_WARN_UNUSED_VARIABLE = YES;
				LOCALIZATION_PREFERS_STRING_CATALOGS = YES;
				MACOSX_DEPLOYMENT_TARGET = 15.4;
				MTL_ENABLE_DEBUG_INFO = INCLUDE_SOURCE;
				MTL_FAST_MATH = YES;
				ONLY_ACTIVE_ARCH = YES;
				SDKROOT = macosx;
				SWIFT_ACTIVE_COMPILATION_CONDITIONS = "DEBUG $(inherited)";
				SWIFT_OPTIMIZATION_LEVEL = "-Onone";
			};
			name = Debug;
		};
		1F4C51012DEA5E52006E50EF /* Release */ = {
			isa = XCBuildConfiguration;
			buildSettings = {
				ALWAYS_SEARCH_USER_PATHS = NO;
				ASSETCATALOG_COMPILER_GENERATE_SWIFT_ASSET_SYMBOL_EXTENSIONS = YES;
				CLANG_ANALYZER_NONNULL = YES;
				CLANG_ANALYZER_NUMBER_OBJECT_CONVERSION = YES_AGGRESSIVE;
				CLANG_CXX_LANGUAGE_STANDARD = "gnu++20";
				CLANG_ENABLE_MODULES = YES;
				CLANG_ENABLE_OBJC_ARC = YES;
				CLANG_ENABLE_OBJC_WEAK = YES;
				CLANG_WARN_BLOCK_CAPTURE_AUTORELEASING = YES;
				CLANG_WARN_BOOL_CONVERSION = YES;
				CLANG_WARN_COMMA = YES;
				CLANG_WARN_CONSTANT_CONVERSION = YES;
				CLANG_WARN_DEPRECATED_OBJC_IMPLEMENTATIONS = YES;
				CLANG_WARN_DIRECT_OBJC_ISA_USAGE = YES_ERROR;
				CLANG_WARN_DOCUMENTATION_COMMENTS = YES;
				CLANG_WARN_EMPTY_BODY = YES;
				CLANG_WARN_ENUM_CONVERSION = YES;
				CLANG_WARN_INFINITE_RECURSION = YES;
				CLANG_WARN_INT_CONVERSION = YES;
				CLANG_WARN_NON_LITERAL_NULL_CONVERSION = YES;
				CLANG_WARN_OBJC_IMPLICIT_RETAIN_SELF = YES;
				CLANG_WARN_OBJC_LITERAL_CONVERSION = YES;
				CLANG_WARN_OBJC_ROOT_CLASS = YES_ERROR;
				CLANG_WARN_QUOTED_INCLUDE_IN_FRAMEWORK_HEADER = YES;
				CLANG_WARN_RANGE_LOOP_ANALYSIS = YES;
				CLANG_WARN_STRICT_PROTOTYPES = YES;
				CLANG_WARN_SUSPICIOUS_MOVE = YES;
				CLANG_WARN_UNGUARDED_AVAILABILITY = YES_AGGRESSIVE;
				CLANG_WARN_UNREACHABLE_CODE = YES;
				CLANG_WARN__DUPLICATE_METHOD_MATCH = YES;
				COPY_PHASE_STRIP = NO;
				DEBUG_INFORMATION_FORMAT = "dwarf-with-dsym";
				DEVELOPMENT_TEAM = LJG2AQD4SH;
				ENABLE_NS_ASSERTIONS = NO;
				ENABLE_STRICT_OBJC_MSGSEND = YES;
				ENABLE_USER_SCRIPT_SANDBOXING = YES;
				GCC_C_LANGUAGE_STANDARD = gnu17;
				GCC_NO_COMMON_BLOCKS = YES;
				GCC_WARN_64_TO_32_BIT_CONVERSION = YES;
				GCC_WARN_ABOUT_RETURN_TYPE = YES_ERROR;
				GCC_WARN_UNDECLARED_SELECTOR = YES;
				GCC_WARN_UNINITIALIZED_AUTOS = YES_AGGRESSIVE;
				GCC_WARN_UNUSED_FUNCTION = YES;
				GCC_WARN_UNUSED_VARIABLE = YES;
				LOCALIZATION_PREFERS_STRING_CATALOGS = YES;
				MACOSX_DEPLOYMENT_TARGET = 15.4;
				MTL_ENABLE_DEBUG_INFO = NO;
				MTL_FAST_MATH = YES;
				SDKROOT = macosx;
				SWIFT_COMPILATION_MODE = wholemodule;
			};
			name = Release;
		};
		1F4C51032DEA5E52006E50EF /* Debug */ = {
			isa = XCBuildConfiguration;
			buildSettings = {
				ASSETCATALOG_COMPILER_APPICON_NAME = AppIcon;
				ASSETCATALOG_COMPILER_GLOBAL_ACCENT_COLOR_NAME = AccentColor;
				CODE_SIGN_ENTITLEMENTS = NothingX/NothingX.entitlements;
				CODE_SIGN_STYLE = Automatic;
				COMBINE_HIDPI_IMAGES = YES;
				CURRENT_PROJECT_VERSION = 1;
				DEVELOPMENT_TEAM = LJG2AQD4SH;
				ENABLE_HARDENED_RUNTIME = YES;
				ENABLE_PREVIEWS = YES;
				GENERATE_INFOPLIST_FILE = YES;
				INFOPLIST_FILE = Info.plist;
				INFOPLIST_KEY_NSHumanReadableCopyright = "";
				LD_RUNPATH_SEARCH_PATHS = (
					"$(inherited)",
					"@executable_path/../Frameworks",
				);
				MARKETING_VERSION = 1.0;
				PRODUCT_BUNDLE_IDENTIFIER = nav.NothingX;
				PRODUCT_NAME = "$(TARGET_NAME)";
				REGISTER_APP_GROUPS = YES;
				SWIFT_EMIT_LOC_STRINGS = YES;
				SWIFT_VERSION = 5.0;
			};
			name = Debug;
		};
		1F4C51042DEA5E52006E50EF /* Release */ = {
			isa = XCBuildConfiguration;
			buildSettings = {
				ASSETCATALOG_COMPILER_APPICON_NAME = AppIcon;
				ASSETCATALOG_COMPILER_GLOBAL_ACCENT_COLOR_NAME = AccentColor;
				CODE_SIGN_ENTITLEMENTS = NothingX/NothingX.entitlements;
				CODE_SIGN_STYLE = Automatic;
				COMBINE_HIDPI_IMAGES = YES;
				CURRENT_PROJECT_VERSION = 1;
				DEVELOPMENT_TEAM = LJG2AQD4SH;
				ENABLE_HARDENED_RUNTIME = YES;
				ENABLE_PREVIEWS = YES;
				GENERATE_INFOPLIST_FILE = YES;
				INFOPLIST_FILE = Info.plist;
				INFOPLIST_KEY_NSHumanReadableCopyright = "";
				LD_RUNPATH_SEARCH_PATHS = (
					"$(inherited)",
					"@executable_path/../Frameworks",
				);
				MARKETING_VERSION = 1.0;
				PRODUCT_BUNDLE_IDENTIFIER = nav.NothingX;
				PRODUCT_NAME = "$(TARGET_NAME)";
				REGISTER_APP_GROUPS = YES;
				SWIFT_EMIT_LOC_STRINGS = YES;
				SWIFT_VERSION = 5.0;
			};
			name = Release;
		};
		1F4C51062DEA5E52006E50EF /* Debug */ = {
			isa = XCBuildConfiguration;
			buildSettings = {
				BUNDLE_LOADER = "$(TEST_HOST)";
				CODE_SIGN_STYLE = Automatic;
				CURRENT_PROJECT_VERSION = 1;
				DEVELOPMENT_TEAM = LJG2AQD4SH;
				GENERATE_INFOPLIST_FILE = YES;
				MACOSX_DEPLOYMENT_TARGET = 15.4;
				MARKETING_VERSION = 1.0;
				PRODUCT_BUNDLE_IDENTIFIER = nav.NothingXTests;
				PRODUCT_NAME = "$(TARGET_NAME)";
				SWIFT_EMIT_LOC_STRINGS = NO;
				SWIFT_VERSION = 5.0;
				TEST_HOST = "$(BUILT_PRODUCTS_DIR)/NothingX.app/$(BUNDLE_EXECUTABLE_FOLDER_PATH)/NothingX";
			};
			name = Debug;
		};
		1F4C51072DEA5E52006E50EF /* Release */ = {
			isa = XCBuildConfiguration;
			buildSettings = {
				BUNDLE_LOADER = "$(TEST_HOST)";
				CODE_SIGN_STYLE = Automatic;
				CURRENT_PROJECT_VERSION = 1;
				DEVELOPMENT_TEAM = LJG2AQD4SH;
				GENERATE_INFOPLIST_FILE = YES;
				MACOSX_DEPLOYMENT_TARGET = 15.4;
				MARKETING_VERSION = 1.0;
				PRODUCT_BUNDLE_IDENTIFIER = nav.NothingXTests;
				PRODUCT_NAME = "$(TARGET_NAME)";
				SWIFT_EMIT_LOC_STRINGS = NO;
				SWIFT_VERSION = 5.0;
				TEST_HOST = "$(BUILT_PRODUCTS_DIR)/NothingX.app/$(BUNDLE_EXECUTABLE_FOLDER_PATH)/NothingX";
			};
			name = Release;
		};
		1F4C51092DEA5E52006E50EF /* Debug */ = {
			isa = XCBuildConfiguration;
			buildSettings = {
				CODE_SIGN_STYLE = Automatic;
				CURRENT_PROJECT_VERSION = 1;
				DEVELOPMENT_TEAM = LJG2AQD4SH;
				GENERATE_INFOPLIST_FILE = YES;
				MARKETING_VERSION = 1.0;
				PRODUCT_BUNDLE_IDENTIFIER = nav.NothingXUITests;
				PRODUCT_NAME = "$(TARGET_NAME)";
				SWIFT_EMIT_LOC_STRINGS = NO;
				SWIFT_VERSION = 5.0;
				TEST_TARGET_NAME = NothingX;
			};
			name = Debug;
		};
		1F4C510A2DEA5E52006E50EF /* Release */ = {
			isa = XCBuildConfiguration;
			buildSettings = {
				CODE_SIGN_STYLE = Automatic;
				CURRENT_PROJECT_VERSION = 1;
				DEVELOPMENT_TEAM = LJG2AQD4SH;
				GENERATE_INFOPLIST_FILE = YES;
				MARKETING_VERSION = 1.0;
				PRODUCT_BUNDLE_IDENTIFIER = nav.NothingXUITests;
				PRODUCT_NAME = "$(TARGET_NAME)";
				SWIFT_EMIT_LOC_STRINGS = NO;
				SWIFT_VERSION = 5.0;
				TEST_TARGET_NAME = NothingX;
			};
			name = Release;
		};
/* End XCBuildConfiguration section */

/* Begin XCConfigurationList section */
		1F4C50DB2DEA5E50006E50EF /* Build configuration list for PBXProject "NothingX" */ = {
			isa = XCConfigurationList;
			buildConfigurations = (
				1F4C51002DEA5E52006E50EF /* Debug */,
				1F4C51012DEA5E52006E50EF /* Release */,
			);
			defaultConfigurationIsVisible = 0;
			defaultConfigurationName = Release;
		};
		1F4C51022DEA5E52006E50EF /* Build configuration list for PBXNativeTarget "NothingX" */ = {
			isa = XCConfigurationList;
			buildConfigurations = (
				1F4C51032DEA5E52006E50EF /* Debug */,
				1F4C51042DEA5E52006E50EF /* Release */,
			);
			defaultConfigurationIsVisible = 0;
			defaultConfigurationName = Release;
		};
		1F4C51052DEA5E52006E50EF /* Build configuration list for PBXNativeTarget "NothingXTests" */ = {
			isa = XCConfigurationList;
			buildConfigurations = (
				1F4C51062DEA5E52006E50EF /* Debug */,
				1F4C51072DEA5E52006E50EF /* Release */,
			);
			defaultConfigurationIsVisible = 0;
			defaultConfigurationName = Release;
		};
		1F4C51082DEA5E52006E50EF /* Build configuration list for PBXNativeTarget "NothingXUITests" */ = {
			isa = XCConfigurationList;
			buildConfigurations = (
				1F4C51092DEA5E52006E50EF /* Debug */,
				1F4C510A2DEA5E52006E50EF /* Release */,
			);
			defaultConfigurationIsVisible = 0;
			defaultConfigurationName = Release;
		};
/* End XCConfigurationList section */
	};
	rootObject = 1F4C50D82DEA5E50006E50EF /* Project object */;
}
